
Microsoft Visual Studio Solution File, Format Version 12.00
# Visual Studio 2013
VisualStudioVersion = 12.0.21005.1
MinimumVisualStudioVersion = 10.0.40219.1
Project("{159641D6-6404-4A2A-AE62-294DE0FE8301}") = "UKHomework", "UKHomework\UKHomework.dtproj", "{D7B7FEED-20FB-4BF8-B4B9-1983DF82CF0D}"
EndProject
Global
	GlobalSection(SolutionConfigurationPlatforms) = preSolution
		Development|Default = Development|Default
	EndGlobalSection
	GlobalSection(ProjectConfigurationPlatforms) = postSolution
		{D7B7FEED-20FB-4BF8-B4B9-1983DF82CF0D}.Development|Default.ActiveCfg = Development
		{D7B7FEED-20FB-4BF8-B4B9-1983DF82CF0D}.Development|Default.Build.0 = Development
	EndGlobalSection
	GlobalSection(SolutionProperties) = preSolution
		HideSolutionNode = FALSE
	EndGlobalSection
EndGlobal
